
Microsoft Visual Studio Solution File, Format Version 12.00
# Visual Studio Version 17
VisualStudioVersion = 17.2.32630.192
MinimumVisualStudioVersion = 10.0.40219.1
Project("{9A19103F-16F7-4668-BE54-9A1E7A4F7556}") = "R5T.Z0016", "R5T.Z0016\R5T.Z0016.csproj", "{803051A5-85EF-4D7A-B93B-E8EA57D0D826}"
EndProject
Project("{2150E333-8FDC-42A3-9474-1A3956D46DE8}") = "_Dependencies", "_Dependencies", "{C2F1A2AC-8538-4E90-9F3B-9B1A222646E9}"
EndProject
Project("{9A19103F-16F7-4668-BE54-9A1E7A4F7556}") = "R5T.T0131", "..\..\R5T.T0131\source\R5T.T0131\R5T.T0131.csproj", "{4753ADE6-4590-484D-969A-71494C2EAF57}"
EndProject
Global
	GlobalSection(SolutionConfigurationPlatforms) = preSolution
		Debug|Any CPU = Debug|Any CPU
		Release|Any CPU = Release|Any CPU
	EndGlobalSection
	GlobalSection(ProjectConfigurationPlatforms) = postSolution
		{803051A5-85EF-4D7A-B93B-E8EA57D0D826}.Debug|Any CPU.ActiveCfg = Debug|Any CPU
		{803051A5-85EF-4D7A-B93B-E8EA57D0D826}.Debug|Any CPU.Build.0 = Debug|Any CPU
		{803051A5-85EF-4D7A-B93B-E8EA57D0D826}.Release|Any CPU.ActiveCfg = Release|Any CPU
		{803051A5-85EF-4D7A-B93B-E8EA57D0D826}.Release|Any CPU.Build.0 = Release|Any CPU
		{4753ADE6-4590-484D-969A-71494C2EAF57}.Debug|Any CPU.ActiveCfg = Debug|Any CPU
		{4753ADE6-4590-484D-969A-71494C2EAF57}.Debug|Any CPU.Build.0 = Debug|Any CPU
		{4753ADE6-4590-484D-969A-71494C2EAF57}.Release|Any CPU.ActiveCfg = Release|Any CPU
		{4753ADE6-4590-484D-969A-71494C2EAF57}.Release|Any CPU.Build.0 = Release|Any CPU
	EndGlobalSection
	GlobalSection(SolutionProperties) = preSolution
		HideSolutionNode = FALSE
	EndGlobalSection
	GlobalSection(NestedProjects) = preSolution
		{4753ADE6-4590-484D-969A-71494C2EAF57} = {C2F1A2AC-8538-4E90-9F3B-9B1A222646E9}
	EndGlobalSection
	GlobalSection(ExtensibilityGlobals) = postSolution
		SolutionGuid = {D83F2878-F089-41D9-B141-F29933BF946E}
	EndGlobalSection
EndGlobal
